
Microsoft Visual Studio Solution File, Format Version 12.00
# Visual Studio Version 16
VisualStudioVersion = 16.0.30711.63
MinimumVisualStudioVersion = 10.0.40219.1
Project("{FAE04EC0-301F-11D3-BF4B-00C04F79EFBC}") = "Lex_Analizator_1", "Lex_Analizator_1.csproj", "{4183C6A9-8072-494D-94B1-54D056FAD7D6}"
EndProject
Global
	GlobalSection(SolutionConfigurationPlatforms) = preSolution
		Debug|Any CPU = Debug|Any CPU
		Release|Any CPU = Release|Any CPU
	EndGlobalSection
	GlobalSection(ProjectConfigurationPlatforms) = postSolution
		{4183C6A9-8072-494D-94B1-54D056FAD7D6}.Debug|Any CPU.ActiveCfg = Debug|Any CPU
		{4183C6A9-8072-494D-94B1-54D056FAD7D6}.Debug|Any CPU.Build.0 = Debug|Any CPU
		{4183C6A9-8072-494D-94B1-54D056FAD7D6}.Release|Any CPU.ActiveCfg = Release|Any CPU
		{4183C6A9-8072-494D-94B1-54D056FAD7D6}.Release|Any CPU.Build.0 = Release|Any CPU
	EndGlobalSection
	GlobalSection(SolutionProperties) = preSolution
		HideSolutionNode = FALSE
	EndGlobalSection
	GlobalSection(ExtensibilityGlobals) = postSolution
		SolutionGuid = {34E9C6B8-5F2D-4FF7-B962-6B090E89681A}
	EndGlobalSection
EndGlobal
